
Microsoft Visual Studio Solution File, Format Version 12.00
# Visual Studio Version 16
VisualStudioVersion = 16.0.29613.14
MinimumVisualStudioVersion = 10.0.40219.1
Project("{FAE04EC0-301F-11D3-BF4B-00C04F79EFBC}") = "ZorChip8", "ZorChip8\ZorChip8.csproj", "{9FFABC2B-27D8-4AF4-98A8-E62D84E8EEF9}"
EndProject
Global
	GlobalSection(SolutionConfigurationPlatforms) = preSolution
		Debug|Any CPU = Debug|Any CPU
		Release|Any CPU = Release|Any CPU
	EndGlobalSection
	GlobalSection(ProjectConfigurationPlatforms) = postSolution
		{9FFABC2B-27D8-4AF4-98A8-E62D84E8EEF9}.Debug|Any CPU.ActiveCfg = Debug|Any CPU
		{9FFABC2B-27D8-4AF4-98A8-E62D84E8EEF9}.Debug|Any CPU.Build.0 = Debug|Any CPU
		{9FFABC2B-27D8-4AF4-98A8-E62D84E8EEF9}.Release|Any CPU.ActiveCfg = Release|Any CPU
		{9FFABC2B-27D8-4AF4-98A8-E62D84E8EEF9}.Release|Any CPU.Build.0 = Release|Any CPU
	EndGlobalSection
	GlobalSection(SolutionProperties) = preSolution
		HideSolutionNode = FALSE
	EndGlobalSection
	GlobalSection(ExtensibilityGlobals) = postSolution
		SolutionGuid = {2DE86AEF-C485-4B47-8E52-3B9E0ED8C4F4}
	EndGlobalSection
EndGlobal
